# This file is automatically @generated by Cargo.
# It is not intended for manual editing.
[[package]]
name = "array_iterator"
version = "1.3.0"
source = "registry+https://github.com/rust-lang/crates.io-index"
checksum = "163c3f9e62eea089971c2b15cbd1e13f7c667f9911d3e2d5a1b418a2316859ec"

[[package]]
name = "kdb"
version = "0.2.0"
dependencies = [
 "array_iterator",
 "thiserror",
 "uuid",
]

[[package]]
name = "proc-macro2"
version = "1.0.8"
source = "registry+https://github.com/rust-lang/crates.io-index"
checksum = "3acb317c6ff86a4e579dfa00fc5e6cca91ecbb4e7eb2df0468805b674eb88548"
dependencies = [
 "unicode-xid",
]

[[package]]
name = "quote"
version = "1.0.2"
source = "registry+https://github.com/rust-lang/crates.io-index"
checksum = "053a8c8bcc71fcce321828dc897a98ab9760bef03a4fc36693c231e5b3216cfe"
dependencies = [
 "proc-macro2",
]

[[package]]
name = "syn"
version = "1.0.14"
source = "registry+https://github.com/rust-lang/crates.io-index"
checksum = "af6f3550d8dff9ef7dc34d384ac6f107e5d31c8f57d9f28e0081503f547ac8f5"
dependencies = [
 "proc-macro2",
 "quote",
 "unicode-xid",
]

[[package]]
name = "thiserror"
version = "1.0.10"
source = "registry+https://github.com/rust-lang/crates.io-index"
checksum = "205684fd018ca14432b12cce6ea3d46763311a571c3d294e71ba3f01adcf1aad"
dependencies = [
 "thiserror-impl",
]

[[package]]
name = "thiserror-impl"
version = "1.0.10"
source = "registry+https://github.com/rust-lang/crates.io-index"
checksum = "57e4d2e50ca050ed44fb58309bdce3efa79948f84f9993ad1978de5eebdce5a7"
dependencies = [
 "proc-macro2",
 "quote",
 "syn",
]

[[package]]
name = "unicode-xid"
version = "0.2.0"
source = "registry+https://github.com/rust-lang/crates.io-index"
checksum = "826e7639553986605ec5979c7dd957c7895e93eabed50ab2ffa7f6128a75097c"

[[package]]
name = "uuid"
version = "0.8.2"
source = "registry+https://github.com/rust-lang/crates.io-index"
checksum = "bc5cf98d8186244414c848017f0e2676b3fcb46807f6668a97dfe67359a3c4b7"
